{
  "object": {
    "pins": [
      {
        "package": "DeepDiff",
        "repositoryURL": "https://github.com/onmyway133/DeepDiff.git",
        "state": {
          "branch": null,
          "revision": "010ebbe1ce5ebeaee37a3d2f4a8c03f0e75b8045",
          "version": "2.3.1"
        }
      },
      {
        "package": "gir2swift",
        "repositoryURL": "https://github.com/rhx/gir2swift.git",
        "state": {
          "branch": "main",
          "revision": "afa2462b9cd310cc2482d9a6f5268da414fd0dde",
          "version": null
        }
      },
      {
        "package": "swift-argument-parser",
        "repositoryURL": "https://github.com/apple/swift-argument-parser",
        "state": {
          "branch": null,
          "revision": "986d191f94cec88f6350056da59c2e59e83d1229",
          "version": "0.4.3"
        }
      },
      {
        "package": "Atk",
        "repositoryURL": "https://github.com/rhx/SwiftAtk.git",
        "state": {
          "branch": "main",
          "revision": "c695dbfe4b645bf7013a3204831309051578728e",
          "version": null
        }
      },
      {
        "package": "Cairo",
        "repositoryURL": "https://github.com/rhx/SwiftCairo.git",
        "state": {
          "branch": "main",
          "revision": "d701d31671e5dcaed83976803975f55faceaf303",
          "version": null
        }
      },
      {
        "package": "Gdk",
        "repositoryURL": "https://github.com/rhx/SwiftGdk.git",
        "state": {
          "branch": "main",
          "revision": "a6b4a318e02f5f4ff4cfdead9c387a6c3b74bc2f",
          "version": null
        }
      },
      {
        "package": "GdkPixbuf",
        "repositoryURL": "https://github.com/rhx/SwiftGdkPixbuf.git",
        "state": {
          "branch": "main",
          "revision": "640fd938cd64eff67feebff539d80e121b5a7e6a",
          "version": null
        }
      },
      {
        "package": "GIO",
        "repositoryURL": "https://github.com/rhx/SwiftGIO.git",
        "state": {
          "branch": "main",
          "revision": "213f07b38eebafd4b97cbb77b80b6322d36b6d5e",
          "version": null
        }
      },
      {
        "package": "GLib",
        "repositoryURL": "https://github.com/rhx/SwiftGLib.git",
        "state": {
          "branch": "main",
          "revision": "fb1192e6159a1c6dcfa108b18b351710803bf066",
          "version": null
        }
      },
      {
        "package": "GModule",
        "repositoryURL": "https://github.com/rhx/SwiftGModule.git",
        "state": {
          "branch": "main",
          "revision": "8450bc459412150095cce94812c6074898c894d6",
          "version": null
        }
      },
      {
        "package": "GLibObject",
        "repositoryURL": "https://github.com/rhx/SwiftGObject.git",
        "state": {
          "branch": "main",
          "revision": "820826b45702ea5b00768c2fdbaf2962461dc17c",
          "version": null
        }
      },
      {
        "package": "Gtk",
        "repositoryURL": "https://github.com/rhx/SwiftGtk.git",
        "state": {
          "branch": "main",
          "revision": "1973834d30991a34e4664beea76500b66bfb6145",
          "version": null
        }
      },
      {
        "package": "SwiftLibXML",
        "repositoryURL": "https://github.com/rhx/SwiftLibXML.git",
        "state": {
          "branch": "main",
          "revision": "5583864b6518d514c76c75f997f77c304d204c84",
          "version": null
        }
      },
      {
        "package": "Pango",
        "repositoryURL": "https://github.com/rhx/SwiftPango.git",
        "state": {
          "branch": "main",
          "revision": "f695d1ff7d0ac1037330750a1f08c21c0c91b86e",
          "version": null
        }
      },
      {
        "package": "PangoCairo",
        "repositoryURL": "https://github.com/rhx/SwiftPangoCairo.git",
        "state": {
          "branch": "main",
          "revision": "9f7564be299e29a5cfe7c508c01915efb1eb263a",
          "version": null
        }
      }
    ]
  },
  "version": 1
}
