{
  "object": {
    "pins": [
      {
        "package": "DeepDiff",
        "repositoryURL": "https://github.com/onmyway133/DeepDiff.git",
        "state": {
          "branch": null,
          "revision": "010ebbe1ce5ebeaee37a3d2f4a8c03f0e75b8045",
          "version": "2.3.1"
        }
      },
      {
        "package": "gir2swift",
        "repositoryURL": "https://github.com/rhx/gir2swift.git",
        "state": {
          "branch": "main",
          "revision": "a711286bf11d98ac8da6da2c6536740b01197c38",
          "version": null
        }
      },
      {
        "package": "Atk",
        "repositoryURL": "https://github.com/rhx/SwiftAtk.git",
        "state": {
          "branch": "main",
          "revision": "cd4faf860affdced8457337fd1899b8c7a669720",
          "version": null
        }
      },
      {
        "package": "Cairo",
        "repositoryURL": "https://github.com/rhx/SwiftCairo.git",
        "state": {
          "branch": "main",
          "revision": "0fc0498a6ab1400a50a46495992cb603fdf113ec",
          "version": null
        }
      },
      {
        "package": "Gdk",
        "repositoryURL": "https://github.com/rhx/SwiftGdk.git",
        "state": {
          "branch": "main",
          "revision": "5ed52785ff3b9cc6b3e99193d057cc7a8bf9fc3a",
          "version": null
        }
      },
      {
        "package": "GdkPixbuf",
        "repositoryURL": "https://github.com/rhx/SwiftGdkPixbuf.git",
        "state": {
          "branch": "main",
          "revision": "5f9a0679d581e10456aff80be38a525868c68223",
          "version": null
        }
      },
      {
        "package": "GIO",
        "repositoryURL": "https://github.com/rhx/SwiftGIO.git",
        "state": {
          "branch": "main",
          "revision": "213f07b38eebafd4b97cbb77b80b6322d36b6d5e",
          "version": null
        }
      },
      {
        "package": "GLib",
        "repositoryURL": "https://github.com/rhx/SwiftGLib.git",
        "state": {
          "branch": "main",
          "revision": "fb1192e6159a1c6dcfa108b18b351710803bf066",
          "version": null
        }
      },
      {
        "package": "GModule",
        "repositoryURL": "https://github.com/rhx/SwiftGModule.git",
        "state": {
          "branch": "main",
          "revision": "8450bc459412150095cce94812c6074898c894d6",
          "version": null
        }
      },
      {
        "package": "GLibObject",
        "repositoryURL": "https://github.com/rhx/SwiftGObject.git",
        "state": {
          "branch": "main",
          "revision": "820826b45702ea5b00768c2fdbaf2962461dc17c",
          "version": null
        }
      },
      {
        "package": "Gtk",
        "repositoryURL": "https://github.com/rhx/SwiftGtk.git",
        "state": {
          "branch": "main",
          "revision": "9c9078fab98e579577d9471f9f5745fd6560e9ce",
          "version": null
        }
      },
      {
        "package": "SwiftLibXML",
        "repositoryURL": "https://github.com/rhx/SwiftLibXML.git",
        "state": {
          "branch": "main",
          "revision": "5583864b6518d514c76c75f997f77c304d204c84",
          "version": null
        }
      },
      {
        "package": "Pango",
        "repositoryURL": "https://github.com/rhx/SwiftPango.git",
        "state": {
          "branch": "main",
          "revision": "a57d8605450b4e4157f61cf1b7a18b3fca973134",
          "version": null
        }
      },
      {
        "package": "PangoCairo",
        "repositoryURL": "https://github.com/rhx/SwiftPangoCairo.git",
        "state": {
          "branch": "main",
          "revision": "ede20040d64ade734ef7a0924766bd0ecefdb6c3",
          "version": null
        }
      }
    ]
  },
  "version": 1
}
